// !$*UTF8*$!
{
	archiveVersion = 1;
	classes = {
	};
	objectVersion = 48;
	objects = {

/* Begin PBXBuildFile section */
		ACC9B7691FE335B3008DB465 /* AppDelegate.swift in Sources */ = {isa = PBXBuildFile; fileRef = ACC9B7681FE335B3008DB465 /* AppDelegate.swift */; };
		ACC9B76B1FE335B3008DB465 /* Assets.xcassets in Resources */ = {isa = PBXBuildFile; fileRef = ACC9B76A1FE335B3008DB465 /* Assets.xcassets */; };
		ACC9B76E1FE335B3008DB465 /* MainMenu.xib in Resources */ = {isa = PBXBuildFile; fileRef = ACC9B76C1FE335B3008DB465 /* MainMenu.xib */; };
		ACC9B77D1FE33618008DB465 /* Cocoa.framework in Frameworks */ = {isa = PBXBuildFile; fileRef = ACC9B77C1FE33618008DB465 /* Cocoa.framework */; };
		ACC9B7801FE33618008DB465 /* SafariExtensionHandler.swift in Sources */ = {isa = PBXBuildFile; fileRef = ACC9B77F1FE33618008DB465 /* SafariExtensionHandler.swift */; };
		ACC9B7821FE33618008DB465 /* SafariExtensionViewController.swift in Sources */ = {isa = PBXBuildFile; fileRef = ACC9B7811FE33618008DB465 /* SafariExtensionViewController.swift */; };
		ACC9B7851FE33618008DB465 /* SafariExtensionViewController.xib in Resources */ = {isa = PBXBuildFile; fileRef = ACC9B7831FE33618008DB465 /* SafariExtensionViewController.xib */; };
		ACC9B7881FE33618008DB465 /* script.js in Resources */ = {isa = PBXBuildFile; fileRef = ACC9B7871FE33618008DB465 /* script.js */; };
		ACC9B78E1FE33618008DB465 /* Xdebug.appex in Embed App Extensions */ = {isa = PBXBuildFile; fileRef = ACC9B77A1FE33618008DB465 /* Xdebug.appex */; settings = {ATTRIBUTES = (RemoveHeadersOnCopy, ); }; };
		ACC9B7941FE336E3008DB465 /* bug.png in Resources */ = {isa = PBXBuildFile; fileRef = ACC9B7931FE336E3008DB465 /* bug.png */; };
/* End PBXBuildFile section */

/* Begin PBXContainerItemProxy section */
		ACC9B78C1FE33618008DB465 /* PBXContainerItemProxy */ = {
			isa = PBXContainerItemProxy;
			containerPortal = ACC9B75D1FE335B3008DB465 /* Project object */;
			proxyType = 1;
			remoteGlobalIDString = ACC9B7791FE33618008DB465;
			remoteInfo = Xdebug;
		};
/* End PBXContainerItemProxy section */

/* Begin PBXCopyFilesBuildPhase section */
		ACC9B7921FE33618008DB465 /* Embed App Extensions */ = {
			isa = PBXCopyFilesBuildPhase;
			buildActionMask = 2147483647;
			dstPath = "";
			dstSubfolderSpec = 13;
			files = (
				ACC9B78E1FE33618008DB465 /* Xdebug.appex in Embed App Extensions */,
			);
			name = "Embed App Extensions";
			runOnlyForDeploymentPostprocessing = 0;
		};
/* End PBXCopyFilesBuildPhase section */

/* Begin PBXFileReference section */
		ACC9B7651FE335B3008DB465 /* Remote Xdebug.app */ = {isa = PBXFileReference; explicitFileType = wrapper.application; includeInIndex = 0; path = "Remote Xdebug.app"; sourceTree = BUILT_PRODUCTS_DIR; };
		ACC9B7681FE335B3008DB465 /* AppDelegate.swift */ = {isa = PBXFileReference; lastKnownFileType = sourcecode.swift; path = AppDelegate.swift; sourceTree = "<group>"; };
		ACC9B76A1FE335B3008DB465 /* Assets.xcassets */ = {isa = PBXFileReference; lastKnownFileType = folder.assetcatalog; path = Assets.xcassets; sourceTree = "<group>"; };
		ACC9B76D1FE335B3008DB465 /* Base */ = {isa = PBXFileReference; lastKnownFileType = file.xib; name = Base; path = Base.lproj/MainMenu.xib; sourceTree = "<group>"; };
		ACC9B76F1FE335B3008DB465 /* Info.plist */ = {isa = PBXFileReference; lastKnownFileType = text.plist.xml; path = Info.plist; sourceTree = "<group>"; };
		ACC9B7701FE335B3008DB465 /* Remote_Xdebug.entitlements */ = {isa = PBXFileReference; lastKnownFileType = text.plist.entitlements; path = Remote_Xdebug.entitlements; sourceTree = "<group>"; };
		ACC9B77A1FE33618008DB465 /* Xdebug.appex */ = {isa = PBXFileReference; explicitFileType = "wrapper.app-extension"; includeInIndex = 0; path = Xdebug.appex; sourceTree = BUILT_PRODUCTS_DIR; };
		ACC9B77C1FE33618008DB465 /* Cocoa.framework */ = {isa = PBXFileReference; lastKnownFileType = wrapper.framework; name = Cocoa.framework; path = System/Library/Frameworks/Cocoa.framework; sourceTree = SDKROOT; };
		ACC9B77F1FE33618008DB465 /* SafariExtensionHandler.swift */ = {isa = PBXFileReference; lastKnownFileType = sourcecode.swift; path = SafariExtensionHandler.swift; sourceTree = "<group>"; };
		ACC9B7811FE33618008DB465 /* SafariExtensionViewController.swift */ = {isa = PBXFileReference; lastKnownFileType = sourcecode.swift; path = SafariExtensionViewController.swift; sourceTree = "<group>"; };
		ACC9B7841FE33618008DB465 /* Base */ = {isa = PBXFileReference; lastKnownFileType = file.xib; name = Base; path = Base.lproj/SafariExtensionViewController.xib; sourceTree = "<group>"; };
		ACC9B7861FE33618008DB465 /* Info.plist */ = {isa = PBXFileReference; lastKnownFileType = text.plist.xml; path = Info.plist; sourceTree = "<group>"; };
		ACC9B7871FE33618008DB465 /* script.js */ = {isa = PBXFileReference; lastKnownFileType = sourcecode.javascript; path = script.js; sourceTree = "<group>"; };
		ACC9B78B1FE33618008DB465 /* Xdebug.entitlements */ = {isa = PBXFileReference; lastKnownFileType = text.plist.entitlements; path = Xdebug.entitlements; sourceTree = "<group>"; };
		ACC9B7931FE336E3008DB465 /* bug.png */ = {isa = PBXFileReference; lastKnownFileType = image.png; name = bug.png; path = ../../../../Downloads/bug.png; sourceTree = "<group>"; };
/* End PBXFileReference section */

/* Begin PBXFrameworksBuildPhase section */
		ACC9B7621FE335B3008DB465 /* Frameworks */ = {
			isa = PBXFrameworksBuildPhase;
			buildActionMask = 2147483647;
			files = (
			);
			runOnlyForDeploymentPostprocessing = 0;
		};
		ACC9B7771FE33618008DB465 /* Frameworks */ = {
			isa = PBXFrameworksBuildPhase;
			buildActionMask = 2147483647;
			files = (
				ACC9B77D1FE33618008DB465 /* Cocoa.framework in Frameworks */,
			);
			runOnlyForDeploymentPostprocessing = 0;
		};
/* End PBXFrameworksBuildPhase section */

/* Begin PBXGroup section */
		ACC9B75C1FE335B3008DB465 = {
			isa = PBXGroup;
			children = (
				ACC9B7671FE335B3008DB465 /* Remote Xdebug */,
				ACC9B77E1FE33618008DB465 /* Xdebug */,
				ACC9B77B1FE33618008DB465 /* Frameworks */,
				ACC9B7661FE335B3008DB465 /* Products */,
			);
			sourceTree = "<group>";
		};
		ACC9B7661FE335B3008DB465 /* Products */ = {
			isa = PBXGroup;
			children = (
				ACC9B7651FE335B3008DB465 /* Remote Xdebug.app */,
				ACC9B77A1FE33618008DB465 /* Xdebug.appex */,
			);
			name = Products;
			sourceTree = "<group>";
		};
		ACC9B7671FE335B3008DB465 /* Remote Xdebug */ = {
			isa = PBXGroup;
			children = (
				ACC9B7681FE335B3008DB465 /* AppDelegate.swift */,
				ACC9B76A1FE335B3008DB465 /* Assets.xcassets */,
				ACC9B76C1FE335B3008DB465 /* MainMenu.xib */,
				ACC9B76F1FE335B3008DB465 /* Info.plist */,
				ACC9B7701FE335B3008DB465 /* Remote_Xdebug.entitlements */,
			);
			path = "Remote Xdebug";
			sourceTree = "<group>";
		};
		ACC9B77B1FE33618008DB465 /* Frameworks */ = {
			isa = PBXGroup;
			children = (
				ACC9B77C1FE33618008DB465 /* Cocoa.framework */,
			);
			name = Frameworks;
			sourceTree = "<group>";
		};
		ACC9B77E1FE33618008DB465 /* Xdebug */ = {
			isa = PBXGroup;
			children = (
				ACC9B77F1FE33618008DB465 /* SafariExtensionHandler.swift */,
				ACC9B7811FE33618008DB465 /* SafariExtensionViewController.swift */,
				ACC9B7831FE33618008DB465 /* SafariExtensionViewController.xib */,
				ACC9B7861FE33618008DB465 /* Info.plist */,
				ACC9B7931FE336E3008DB465 /* bug.png */,
				ACC9B7871FE33618008DB465 /* script.js */,
				ACC9B78B1FE33618008DB465 /* Xdebug.entitlements */,
			);
			path = Xdebug;
			sourceTree = "<group>";
		};
/* End PBXGroup section */

/* Begin PBXNativeTarget section */
		ACC9B7641FE335B3008DB465 /* Remote Xdebug */ = {
			isa = PBXNativeTarget;
			buildConfigurationList = ACC9B7731FE335B3008DB465 /* Build configuration list for PBXNativeTarget "Remote Xdebug" */;
			buildPhases = (
				ACC9B7611FE335B3008DB465 /* Sources */,
				ACC9B7621FE335B3008DB465 /* Frameworks */,
				ACC9B7631FE335B3008DB465 /* Resources */,
				ACC9B7921FE33618008DB465 /* Embed App Extensions */,
			);
			buildRules = (
			);
			dependencies = (
				ACC9B78D1FE33618008DB465 /* PBXTargetDependency */,
			);
			name = "Remote Xdebug";
			productName = "Remote Xdebug";
			productReference = ACC9B7651FE335B3008DB465 /* Remote Xdebug.app */;
			productType = "com.apple.product-type.application";
		};
		ACC9B7791FE33618008DB465 /* Xdebug */ = {
			isa = PBXNativeTarget;
			buildConfigurationList = ACC9B78F1FE33618008DB465 /* Build configuration list for PBXNativeTarget "Xdebug" */;
			buildPhases = (
				ACC9B7761FE33618008DB465 /* Sources */,
				ACC9B7771FE33618008DB465 /* Frameworks */,
				ACC9B7781FE33618008DB465 /* Resources */,
			);
			buildRules = (
			);
			dependencies = (
			);
			name = Xdebug;
			productName = Xdebug;
			productReference = ACC9B77A1FE33618008DB465 /* Xdebug.appex */;
			productType = "com.apple.product-type.app-extension";
		};
/* End PBXNativeTarget section */

/* Begin PBXProject section */
		ACC9B75D1FE335B3008DB465 /* Project object */ = {
			isa = PBXProject;
			attributes = {
				LastSwiftUpdateCheck = 0920;
				LastUpgradeCheck = 0920;
				ORGANIZATIONNAME = "Mykola Bespaliuk";
				TargetAttributes = {
					ACC9B7641FE335B3008DB465 = {
						CreatedOnToolsVersion = 9.2;
						ProvisioningStyle = Automatic;
					};
					ACC9B7791FE33618008DB465 = {
						CreatedOnToolsVersion = 9.2;
						ProvisioningStyle = Automatic;
					};
				};
			};
			buildConfigurationList = ACC9B7601FE335B3008DB465 /* Build configuration list for PBXProject "Remote Xdebug" */;
			compatibilityVersion = "Xcode 8.0";
			developmentRegion = en;
			hasScannedForEncodings = 0;
			knownRegions = (
				en,
				Base,
			);
			mainGroup = ACC9B75C1FE335B3008DB465;
			productRefGroup = ACC9B7661FE335B3008DB465 /* Products */;
			projectDirPath = "";
			projectRoot = "";
			targets = (
				ACC9B7641FE335B3008DB465 /* Remote Xdebug */,
				ACC9B7791FE33618008DB465 /* Xdebug */,
			);
		};
/* End PBXProject section */

/* Begin PBXResourcesBuildPhase section */
		ACC9B7631FE335B3008DB465 /* Resources */ = {
			isa = PBXResourcesBuildPhase;
			buildActionMask = 2147483647;
			files = (
				ACC9B76B1FE335B3008DB465 /* Assets.xcassets in Resources */,
				ACC9B76E1FE335B3008DB465 /* MainMenu.xib in Resources */,
			);
			runOnlyForDeploymentPostprocessing = 0;
		};
		ACC9B7781FE33618008DB465 /* Resources */ = {
			isa = PBXResourcesBuildPhase;
			buildActionMask = 2147483647;
			files = (
				ACC9B7941FE336E3008DB465 /* bug.png in Resources */,
				ACC9B7851FE33618008DB465 /* SafariExtensionViewController.xib in Resources */,
				ACC9B7881FE33618008DB465 /* script.js in Resources */,
			);
			runOnlyForDeploymentPostprocessing = 0;
		};
/* End PBXResourcesBuildPhase section */

/* Begin PBXSourcesBuildPhase section */
		ACC9B7611FE335B3008DB465 /* Sources */ = {
			isa = PBXSourcesBuildPhase;
			buildActionMask = 2147483647;
			files = (
				ACC9B7691FE335B3008DB465 /* AppDelegate.swift in Sources */,
			);
			runOnlyForDeploymentPostprocessing = 0;
		};
		ACC9B7761FE33618008DB465 /* Sources */ = {
			isa = PBXSourcesBuildPhase;
			buildActionMask = 2147483647;
			files = (
				ACC9B7821FE33618008DB465 /* SafariExtensionViewController.swift in Sources */,
				ACC9B7801FE33618008DB465 /* SafariExtensionHandler.swift in Sources */,
			);
			runOnlyForDeploymentPostprocessing = 0;
		};
/* End PBXSourcesBuildPhase section */

/* Begin PBXTargetDependency section */
		ACC9B78D1FE33618008DB465 /* PBXTargetDependency */ = {
			isa = PBXTargetDependency;
			target = ACC9B7791FE33618008DB465 /* Xdebug */;
			targetProxy = ACC9B78C1FE33618008DB465 /* PBXContainerItemProxy */;
		};
/* End PBXTargetDependency section */

/* Begin PBXVariantGroup section */
		ACC9B76C1FE335B3008DB465 /* MainMenu.xib */ = {
			isa = PBXVariantGroup;
			children = (
				ACC9B76D1FE335B3008DB465 /* Base */,
			);
			name = MainMenu.xib;
			sourceTree = "<group>";
		};
		ACC9B7831FE33618008DB465 /* SafariExtensionViewController.xib */ = {
			isa = PBXVariantGroup;
			children = (
				ACC9B7841FE33618008DB465 /* Base */,
			);
			name = SafariExtensionViewController.xib;
			sourceTree = "<group>";
		};
/* End PBXVariantGroup section */

/* Begin XCBuildConfiguration section */
		ACC9B7711FE335B3008DB465 /* Debug */ = {
			isa = XCBuildConfiguration;
			buildSettings = {
				ALWAYS_SEARCH_USER_PATHS = NO;
				CLANG_ANALYZER_NONNULL = YES;
				CLANG_ANALYZER_NUMBER_OBJECT_CONVERSION = YES_AGGRESSIVE;
				CLANG_CXX_LANGUAGE_STANDARD = "gnu++14";
				CLANG_CXX_LIBRARY = "libc++";
				CLANG_ENABLE_MODULES = YES;
				CLANG_ENABLE_OBJC_ARC = YES;
				CLANG_WARN_BLOCK_CAPTURE_AUTORELEASING = YES;
				CLANG_WARN_BOOL_CONVERSION = YES;
				CLANG_WARN_COMMA = YES;
				CLANG_WARN_CONSTANT_CONVERSION = YES;
				CLANG_WARN_DIRECT_OBJC_ISA_USAGE = YES_ERROR;
				CLANG_WARN_DOCUMENTATION_COMMENTS = YES;
				CLANG_WARN_EMPTY_BODY = YES;
				CLANG_WARN_ENUM_CONVERSION = YES;
				CLANG_WARN_INFINITE_RECURSION = YES;
				CLANG_WARN_INT_CONVERSION = YES;
				CLANG_WARN_NON_LITERAL_NULL_CONVERSION = YES;
				CLANG_WARN_OBJC_LITERAL_CONVERSION = YES;
				CLANG_WARN_OBJC_ROOT_CLASS = YES_ERROR;
				CLANG_WARN_RANGE_LOOP_ANALYSIS = YES;
				CLANG_WARN_STRICT_PROTOTYPES = YES;
				CLANG_WARN_SUSPICIOUS_MOVE = YES;
				CLANG_WARN_UNGUARDED_AVAILABILITY = YES_AGGRESSIVE;
				CLANG_WARN_UNREACHABLE_CODE = YES;
				CLANG_WARN__DUPLICATE_METHOD_MATCH = YES;
				CODE_SIGN_IDENTITY = "-";
				COPY_PHASE_STRIP = NO;
				DEBUG_INFORMATION_FORMAT = dwarf;
				ENABLE_STRICT_OBJC_MSGSEND = YES;
				ENABLE_TESTABILITY = YES;
				GCC_C_LANGUAGE_STANDARD = gnu11;
				GCC_DYNAMIC_NO_PIC = NO;
				GCC_NO_COMMON_BLOCKS = YES;
				GCC_OPTIMIZATION_LEVEL = 0;
				GCC_PREPROCESSOR_DEFINITIONS = (
					"DEBUG=1",
					"$(inherited)",
				);
				GCC_WARN_64_TO_32_BIT_CONVERSION = YES;
				GCC_WARN_ABOUT_RETURN_TYPE = YES_ERROR;
				GCC_WARN_UNDECLARED_SELECTOR = YES;
				GCC_WARN_UNINITIALIZED_AUTOS = YES_AGGRESSIVE;
				GCC_WARN_UNUSED_FUNCTION = YES;
				GCC_WARN_UNUSED_VARIABLE = YES;
				MACOSX_DEPLOYMENT_TARGET = 10.13;
				MTL_ENABLE_DEBUG_INFO = YES;
				ONLY_ACTIVE_ARCH = YES;
				SDKROOT = macosx;
				SWIFT_ACTIVE_COMPILATION_CONDITIONS = DEBUG;
				SWIFT_OPTIMIZATION_LEVEL = "-Onone";
			};
			name = Debug;
		};
		ACC9B7721FE335B3008DB465 /* Release */ = {
			isa = XCBuildConfiguration;
			buildSettings = {
				ALWAYS_SEARCH_USER_PATHS = NO;
				CLANG_ANALYZER_NONNULL = YES;
				CLANG_ANALYZER_NUMBER_OBJECT_CONVERSION = YES_AGGRESSIVE;
				CLANG_CXX_LANGUAGE_STANDARD = "gnu++14";
				CLANG_CXX_LIBRARY = "libc++";
				CLANG_ENABLE_MODULES = YES;
				CLANG_ENABLE_OBJC_ARC = YES;
				CLANG_WARN_BLOCK_CAPTURE_AUTORELEASING = YES;
				CLANG_WARN_BOOL_CONVERSION = YES;
				CLANG_WARN_COMMA = YES;
				CLANG_WARN_CONSTANT_CONVERSION = YES;
				CLANG_WARN_DIRECT_OBJC_ISA_USAGE = YES_ERROR;
				CLANG_WARN_DOCUMENTATION_COMMENTS = YES;
				CLANG_WARN_EMPTY_BODY = YES;
				CLANG_WARN_ENUM_CONVERSION = YES;
				CLANG_WARN_INFINITE_RECURSION = YES;
				CLANG_WARN_INT_CONVERSION = YES;
				CLANG_WARN_NON_LITERAL_NULL_CONVERSION = YES;
				CLANG_WARN_OBJC_LITERAL_CONVERSION = YES;
				CLANG_WARN_OBJC_ROOT_CLASS = YES_ERROR;
				CLANG_WARN_RANGE_LOOP_ANALYSIS = YES;
				CLANG_WARN_STRICT_PROTOTYPES = YES;
				CLANG_WARN_SUSPICIOUS_MOVE = YES;
				CLANG_WARN_UNGUARDED_AVAILABILITY = YES_AGGRESSIVE;
				CLANG_WARN_UNREACHABLE_CODE = YES;
				CLANG_WARN__DUPLICATE_METHOD_MATCH = YES;
				CODE_SIGN_IDENTITY = "-";
				COPY_PHASE_STRIP = NO;
				DEBUG_INFORMATION_FORMAT = "dwarf-with-dsym";
				ENABLE_NS_ASSERTIONS = NO;
				ENABLE_STRICT_OBJC_MSGSEND = YES;
				GCC_C_LANGUAGE_STANDARD = gnu11;
				GCC_NO_COMMON_BLOCKS = YES;
				GCC_WARN_64_TO_32_BIT_CONVERSION = YES;
				GCC_WARN_ABOUT_RETURN_TYPE = YES_ERROR;
				GCC_WARN_UNDECLARED_SELECTOR = YES;
				GCC_WARN_UNINITIALIZED_AUTOS = YES_AGGRESSIVE;
				GCC_WARN_UNUSED_FUNCTION = YES;
				GCC_WARN_UNUSED_VARIABLE = YES;
				MACOSX_DEPLOYMENT_TARGET = 10.13;
				MTL_ENABLE_DEBUG_INFO = NO;
				SDKROOT = macosx;
				SWIFT_OPTIMIZATION_LEVEL = "-Owholemodule";
			};
			name = Release;
		};
		ACC9B7741FE335B3008DB465 /* Debug */ = {
			isa = XCBuildConfiguration;
			buildSettings = {
				ALWAYS_EMBED_SWIFT_STANDARD_LIBRARIES = YES;
				ASSETCATALOG_COMPILER_APPICON_NAME = AppIcon;
				CODE_SIGN_ENTITLEMENTS = "Remote Xdebug/Remote_Xdebug.entitlements";
				CODE_SIGN_STYLE = Automatic;
				COMBINE_HIDPI_IMAGES = YES;
				INFOPLIST_FILE = "Remote Xdebug/Info.plist";
				LD_RUNPATH_SEARCH_PATHS = "$(inherited) @executable_path/../Frameworks";
				PRODUCT_BUNDLE_IDENTIFIER = "com.example.Remote-Xdebug";
				PRODUCT_NAME = "$(TARGET_NAME)";
				SWIFT_VERSION = 4.0;
			};
			name = Debug;
		};
		ACC9B7751FE335B3008DB465 /* Release */ = {
			isa = XCBuildConfiguration;
			buildSettings = {
				ALWAYS_EMBED_SWIFT_STANDARD_LIBRARIES = YES;
				ASSETCATALOG_COMPILER_APPICON_NAME = AppIcon;
				CODE_SIGN_ENTITLEMENTS = "Remote Xdebug/Remote_Xdebug.entitlements";
				CODE_SIGN_STYLE = Automatic;
				COMBINE_HIDPI_IMAGES = YES;
				INFOPLIST_FILE = "Remote Xdebug/Info.plist";
				LD_RUNPATH_SEARCH_PATHS = "$(inherited) @executable_path/../Frameworks";
				PRODUCT_BUNDLE_IDENTIFIER = "com.example.Remote-Xdebug";
				PRODUCT_NAME = "$(TARGET_NAME)";
				SWIFT_VERSION = 4.0;
			};
			name = Release;
		};
		ACC9B7901FE33618008DB465 /* Debug */ = {
			isa = XCBuildConfiguration;
			buildSettings = {
				CODE_SIGN_ENTITLEMENTS = Xdebug/Xdebug.entitlements;
				CODE_SIGN_STYLE = Automatic;
				INFOPLIST_FILE = Xdebug/Info.plist;
				LD_RUNPATH_SEARCH_PATHS = "$(inherited) @executable_path/../Frameworks @executable_path/../../../../Frameworks";
				PRODUCT_BUNDLE_IDENTIFIER = "com.example.Remote-Xdebug.Xdebug";
				PRODUCT_NAME = "$(TARGET_NAME)";
				SKIP_INSTALL = YES;
				SWIFT_VERSION = 4.0;
			};
			name = Debug;
		};
		ACC9B7911FE33618008DB465 /* Release */ = {
			isa = XCBuildConfiguration;
			buildSettings = {
				CODE_SIGN_ENTITLEMENTS = Xdebug/Xdebug.entitlements;
				CODE_SIGN_STYLE = Automatic;
				INFOPLIST_FILE = Xdebug/Info.plist;
				LD_RUNPATH_SEARCH_PATHS = "$(inherited) @executable_path/../Frameworks @executable_path/../../../../Frameworks";
				PRODUCT_BUNDLE_IDENTIFIER = "com.example.Remote-Xdebug.Xdebug";
				PRODUCT_NAME = "$(TARGET_NAME)";
				SKIP_INSTALL = YES;
				SWIFT_VERSION = 4.0;
			};
			name = Release;
		};
/* End XCBuildConfiguration section */

/* Begin XCConfigurationList section */
		ACC9B7601FE335B3008DB465 /* Build configuration list for PBXProject "Remote Xdebug" */ = {
			isa = XCConfigurationList;
			buildConfigurations = (
				ACC9B7711FE335B3008DB465 /* Debug */,
				ACC9B7721FE335B3008DB465 /* Release */,
			);
			defaultConfigurationIsVisible = 0;
			defaultConfigurationName = Release;
		};
		ACC9B7731FE335B3008DB465 /* Build configuration list for PBXNativeTarget "Remote Xdebug" */ = {
			isa = XCConfigurationList;
			buildConfigurations = (
				ACC9B7741FE335B3008DB465 /* Debug */,
				ACC9B7751FE335B3008DB465 /* Release */,
			);
			defaultConfigurationIsVisible = 0;
			defaultConfigurationName = Release;
		};
		ACC9B78F1FE33618008DB465 /* Build configuration list for PBXNativeTarget "Xdebug" */ = {
			isa = XCConfigurationList;
			buildConfigurations = (
				ACC9B7901FE33618008DB465 /* Debug */,
				ACC9B7911FE33618008DB465 /* Release */,
			);
			defaultConfigurationIsVisible = 0;
			defaultConfigurationName = Release;
		};
/* End XCConfigurationList section */
	};
	rootObject = ACC9B75D1FE335B3008DB465 /* Project object */;
}
